// !$*UTF8*$!
{
	archiveVersion = 1;
	classes = {
	};
	objectVersion = 50;
	objects = {

/* Begin PBXBuildFile section */
		8453A2112516090D00AA242A /* AppDelegate.swift in Sources */ = {isa = PBXBuildFile; fileRef = 8453A2102516090D00AA242A /* AppDelegate.swift */; };
		8453A2132516090D00AA242A /* SceneDelegate.swift in Sources */ = {isa = PBXBuildFile; fileRef = 8453A2122516090D00AA242A /* SceneDelegate.swift */; };
		8453A2152516090D00AA242A /* ViewController.swift in Sources */ = {isa = PBXBuildFile; fileRef = 8453A2142516090D00AA242A /* ViewController.swift */; };
		8453A2182516090D00AA242A /* Main.storyboard in Resources */ = {isa = PBXBuildFile; fileRef = 8453A2162516090D00AA242A /* Main.storyboard */; };
		8453A21B2516090D00AA242A /* PlanRadarTask.xcdatamodeld in Sources */ = {isa = PBXBuildFile; fileRef = 8453A2192516090D00AA242A /* PlanRadarTask.xcdatamodeld */; };
		8453A21D2516090F00AA242A /* Assets.xcassets in Resources */ = {isa = PBXBuildFile; fileRef = 8453A21C2516090F00AA242A /* Assets.xcassets */; };
		8453A2202516090F00AA242A /* LaunchScreen.storyboard in Resources */ = {isa = PBXBuildFile; fileRef = 8453A21E2516090F00AA242A /* LaunchScreen.storyboard */; };
/* End PBXBuildFile section */

/* Begin PBXFileReference section */
		8453A20D2516090D00AA242A /* PlanRadarTask.app */ = {isa = PBXFileReference; explicitFileType = wrapper.application; includeInIndex = 0; path = PlanRadarTask.app; sourceTree = BUILT_PRODUCTS_DIR; };
		8453A2102516090D00AA242A /* AppDelegate.swift */ = {isa = PBXFileReference; lastKnownFileType = sourcecode.swift; path = AppDelegate.swift; sourceTree = "<group>"; };
		8453A2122516090D00AA242A /* SceneDelegate.swift */ = {isa = PBXFileReference; lastKnownFileType = sourcecode.swift; path = SceneDelegate.swift; sourceTree = "<group>"; };
		8453A2142516090D00AA242A /* ViewController.swift */ = {isa = PBXFileReference; lastKnownFileType = sourcecode.swift; path = ViewController.swift; sourceTree = "<group>"; };
		8453A2172516090D00AA242A /* Base */ = {isa = PBXFileReference; lastKnownFileType = file.storyboard; name = Base; path = Base.lproj/Main.storyboard; sourceTree = "<group>"; };
		8453A21A2516090D00AA242A /* PlanRadarTask.xcdatamodel */ = {isa = PBXFileReference; lastKnownFileType = wrapper.xcdatamodel; path = PlanRadarTask.xcdatamodel; sourceTree = "<group>"; };
		8453A21C2516090F00AA242A /* Assets.xcassets */ = {isa = PBXFileReference; lastKnownFileType = folder.assetcatalog; path = Assets.xcassets; sourceTree = "<group>"; };
		8453A21F2516090F00AA242A /* Base */ = {isa = PBXFileReference; lastKnownFileType = file.storyboard; name = Base; path = Base.lproj/LaunchScreen.storyboard; sourceTree = "<group>"; };
		8453A2212516090F00AA242A /* Info.plist */ = {isa = PBXFileReference; lastKnownFileType = text.plist.xml; path = Info.plist; sourceTree = "<group>"; };
/* End PBXFileReference section */

/* Begin PBXFrameworksBuildPhase section */
		8453A20A2516090D00AA242A /* Frameworks */ = {
			isa = PBXFrameworksBuildPhase;
			buildActionMask = 2147483647;
			files = (
			);
			runOnlyForDeploymentPostprocessing = 0;
		};
/* End PBXFrameworksBuildPhase section */

/* Begin PBXGroup section */
		8453A2042516090D00AA242A = {
			isa = PBXGroup;
			children = (
				8453A20F2516090D00AA242A /* PlanRadarTask */,
				8453A20E2516090D00AA242A /* Products */,
			);
			sourceTree = "<group>";
		};
		8453A20E2516090D00AA242A /* Products */ = {
			isa = PBXGroup;
			children = (
				8453A20D2516090D00AA242A /* PlanRadarTask.app */,
			);
			name = Products;
			sourceTree = "<group>";
		};
		8453A20F2516090D00AA242A /* PlanRadarTask */ = {
			isa = PBXGroup;
			children = (
				8453A2102516090D00AA242A /* AppDelegate.swift */,
				8453A2122516090D00AA242A /* SceneDelegate.swift */,
				8453A2142516090D00AA242A /* ViewController.swift */,
				8453A2162516090D00AA242A /* Main.storyboard */,
				8453A21C2516090F00AA242A /* Assets.xcassets */,
				8453A21E2516090F00AA242A /* LaunchScreen.storyboard */,
				8453A2212516090F00AA242A /* Info.plist */,
				8453A2192516090D00AA242A /* PlanRadarTask.xcdatamodeld */,
			);
			path = PlanRadarTask;
			sourceTree = "<group>";
		};
/* End PBXGroup section */

/* Begin PBXNativeTarget section */
		8453A20C2516090D00AA242A /* PlanRadarTask */ = {
			isa = PBXNativeTarget;
			buildConfigurationList = 8453A2242516090F00AA242A /* Build configuration list for PBXNativeTarget "PlanRadarTask" */;
			buildPhases = (
				8453A2092516090D00AA242A /* Sources */,
				8453A20A2516090D00AA242A /* Frameworks */,
				8453A20B2516090D00AA242A /* Resources */,
			);
			buildRules = (
			);
			dependencies = (
			);
			name = PlanRadarTask;
			productName = PlanRadarTask;
			productReference = 8453A20D2516090D00AA242A /* PlanRadarTask.app */;
			productType = "com.apple.product-type.application";
		};
/* End PBXNativeTarget section */

/* Begin PBXProject section */
		8453A2052516090D00AA242A /* Project object */ = {
			isa = PBXProject;
			attributes = {
				LastSwiftUpdateCheck = 1150;
				LastUpgradeCheck = 1150;
				ORGANIZATIONNAME = AmrFawaz;
				TargetAttributes = {
					8453A20C2516090D00AA242A = {
						CreatedOnToolsVersion = 11.5;
					};
				};
			};
			buildConfigurationList = 8453A2082516090D00AA242A /* Build configuration list for PBXProject "PlanRadarTask" */;
			compatibilityVersion = "Xcode 9.3";
			developmentRegion = en;
			hasScannedForEncodings = 0;
			knownRegions = (
				en,
				Base,
			);
			mainGroup = 8453A2042516090D00AA242A;
			productRefGroup = 8453A20E2516090D00AA242A /* Products */;
			projectDirPath = "";
			projectRoot = "";
			targets = (
				8453A20C2516090D00AA242A /* PlanRadarTask */,
			);
		};
/* End PBXProject section */

/* Begin PBXResourcesBuildPhase section */
		8453A20B2516090D00AA242A /* Resources */ = {
			isa = PBXResourcesBuildPhase;
			buildActionMask = 2147483647;
			files = (
				8453A2202516090F00AA242A /* LaunchScreen.storyboard in Resources */,
				8453A21D2516090F00AA242A /* Assets.xcassets in Resources */,
				8453A2182516090D00AA242A /* Main.storyboard in Resources */,
			);
			runOnlyForDeploymentPostprocessing = 0;
		};
/* End PBXResourcesBuildPhase section */

/* Begin PBXSourcesBuildPhase section */
		8453A2092516090D00AA242A /* Sources */ = {
			isa = PBXSourcesBuildPhase;
			buildActionMask = 2147483647;
			files = (
				8453A2152516090D00AA242A /* ViewController.swift in Sources */,
				8453A2112516090D00AA242A /* AppDelegate.swift in Sources */,
				8453A21B2516090D00AA242A /* PlanRadarTask.xcdatamodeld in Sources */,
				8453A2132516090D00AA242A /* SceneDelegate.swift in Sources */,
			);
			runOnlyForDeploymentPostprocessing = 0;
		};
/* End PBXSourcesBuildPhase section */

/* Begin PBXVariantGroup section */
		8453A2162516090D00AA242A /* Main.storyboard */ = {
			isa = PBXVariantGroup;
			children = (
				8453A2172516090D00AA242A /* Base */,
			);
			name = Main.storyboard;
			sourceTree = "<group>";
		};
		8453A21E2516090F00AA242A /* LaunchScreen.storyboard */ = {
			isa = PBXVariantGroup;
			children = (
				8453A21F2516090F00AA242A /* Base */,
			);
			name = LaunchScreen.storyboard;
			sourceTree = "<group>";
		};
/* End PBXVariantGroup section */

/* Begin XCBuildConfiguration section */
		8453A2222516090F00AA242A /* Debug */ = {
			isa = XCBuildConfiguration;
			buildSettings = {
				ALWAYS_SEARCH_USER_PATHS = NO;
				CLANG_ANALYZER_NONNULL = YES;
				CLANG_ANALYZER_NUMBER_OBJECT_CONVERSION = YES_AGGRESSIVE;
				CLANG_CXX_LANGUAGE_STANDARD = "gnu++14";
				CLANG_CXX_LIBRARY = "libc++";
				CLANG_ENABLE_MODULES = YES;
				CLANG_ENABLE_OBJC_ARC = YES;
				CLANG_ENABLE_OBJC_WEAK = YES;
				CLANG_WARN_BLOCK_CAPTURE_AUTORELEASING = YES;
				CLANG_WARN_BOOL_CONVERSION = YES;
				CLANG_WARN_COMMA = YES;
				CLANG_WARN_CONSTANT_CONVERSION = YES;
				CLANG_WARN_DEPRECATED_OBJC_IMPLEMENTATIONS = YES;
				CLANG_WARN_DIRECT_OBJC_ISA_USAGE = YES_ERROR;
				CLANG_WARN_DOCUMENTATION_COMMENTS = YES;
				CLANG_WARN_EMPTY_BODY = YES;
				CLANG_WARN_ENUM_CONVERSION = YES;
				CLANG_WARN_INFINITE_RECURSION = YES;
				CLANG_WARN_INT_CONVERSION = YES;
				CLANG_WARN_NON_LITERAL_NULL_CONVERSION = YES;
				CLANG_WARN_OBJC_IMPLICIT_RETAIN_SELF = YES;
				CLANG_WARN_OBJC_LITERAL_CONVERSION = YES;
				CLANG_WARN_OBJC_ROOT_CLASS = YES_ERROR;
				CLANG_WARN_RANGE_LOOP_ANALYSIS = YES;
				CLANG_WARN_STRICT_PROTOTYPES = YES;
				CLANG_WARN_SUSPICIOUS_MOVE = YES;
				CLANG_WARN_UNGUARDED_AVAILABILITY = YES_AGGRESSIVE;
				CLANG_WARN_UNREACHABLE_CODE = YES;
				CLANG_WARN__DUPLICATE_METHOD_MATCH = YES;
				COPY_PHASE_STRIP = NO;
				DEBUG_INFORMATION_FORMAT = dwarf;
				ENABLE_STRICT_OBJC_MSGSEND = YES;
				ENABLE_TESTABILITY = YES;
				GCC_C_LANGUAGE_STANDARD = gnu11;
				GCC_DYNAMIC_NO_PIC = NO;
				GCC_NO_COMMON_BLOCKS = YES;
				GCC_OPTIMIZATION_LEVEL = 0;
				GCC_PREPROCESSOR_DEFINITIONS = (
					"DEBUG=1",
					"$(inherited)",
				);
				GCC_WARN_64_TO_32_BIT_CONVERSION = YES;
				GCC_WARN_ABOUT_RETURN_TYPE = YES_ERROR;
				GCC_WARN_UNDECLARED_SELECTOR = YES;
				GCC_WARN_UNINITIALIZED_AUTOS = YES_AGGRESSIVE;
				GCC_WARN_UNUSED_FUNCTION = YES;
				GCC_WARN_UNUSED_VARIABLE = YES;
				IPHONEOS_DEPLOYMENT_TARGET = 13.5;
				MTL_ENABLE_DEBUG_INFO = INCLUDE_SOURCE;
				MTL_FAST_MATH = YES;
				ONLY_ACTIVE_ARCH = YES;
				SDKROOT = iphoneos;
				SWIFT_ACTIVE_COMPILATION_CONDITIONS = DEBUG;
				SWIFT_OPTIMIZATION_LEVEL = "-Onone";
			};
			name = Debug;
		};
		8453A2232516090F00AA242A /* Release */ = {
			isa = XCBuildConfiguration;
			buildSettings = {
				ALWAYS_SEARCH_USER_PATHS = NO;
				CLANG_ANALYZER_NONNULL = YES;
				CLANG_ANALYZER_NUMBER_OBJECT_CONVERSION = YES_AGGRESSIVE;
				CLANG_CXX_LANGUAGE_STANDARD = "gnu++14";
				CLANG_CXX_LIBRARY = "libc++";
				CLANG_ENABLE_MODULES = YES;
				CLANG_ENABLE_OBJC_ARC = YES;
				CLANG_ENABLE_OBJC_WEAK = YES;
				CLANG_WARN_BLOCK_CAPTURE_AUTORELEASING = YES;
				CLANG_WARN_BOOL_CONVERSION = YES;
				CLANG_WARN_COMMA = YES;
				CLANG_WARN_CONSTANT_CONVERSION = YES;
				CLANG_WARN_DEPRECATED_OBJC_IMPLEMENTATIONS = YES;
				CLANG_WARN_DIRECT_OBJC_ISA_USAGE = YES_ERROR;
				CLANG_WARN_DOCUMENTATION_COMMENTS = YES;
				CLANG_WARN_EMPTY_BODY = YES;
				CLANG_WARN_ENUM_CONVERSION = YES;
				CLANG_WARN_INFINITE_RECURSION = YES;
				CLANG_WARN_INT_CONVERSION = YES;
				CLANG_WARN_NON_LITERAL_NULL_CONVERSION = YES;
				CLANG_WARN_OBJC_IMPLICIT_RETAIN_SELF = YES;
				CLANG_WARN_OBJC_LITERAL_CONVERSION = YES;
				CLANG_WARN_OBJC_ROOT_CLASS = YES_ERROR;
				CLANG_WARN_RANGE_LOOP_ANALYSIS = YES;
				CLANG_WARN_STRICT_PROTOTYPES = YES;
				CLANG_WARN_SUSPICIOUS_MOVE = YES;
				CLANG_WARN_UNGUARDED_AVAILABILITY = YES_AGGRESSIVE;
				CLANG_WARN_UNREACHABLE_CODE = YES;
				CLANG_WARN__DUPLICATE_METHOD_MATCH = YES;
				COPY_PHASE_STRIP = NO;
				DEBUG_INFORMATION_FORMAT = "dwarf-with-dsym";
				ENABLE_NS_ASSERTIONS = NO;
				ENABLE_STRICT_OBJC_MSGSEND = YES;
				GCC_C_LANGUAGE_STANDARD = gnu11;
				GCC_NO_COMMON_BLOCKS = YES;
				GCC_WARN_64_TO_32_BIT_CONVERSION = YES;
				GCC_WARN_ABOUT_RETURN_TYPE = YES_ERROR;
				GCC_WARN_UNDECLARED_SELECTOR = YES;
				GCC_WARN_UNINITIALIZED_AUTOS = YES_AGGRESSIVE;
				GCC_WARN_UNUSED_FUNCTION = YES;
				GCC_WARN_UNUSED_VARIABLE = YES;
				IPHONEOS_DEPLOYMENT_TARGET = 13.5;
				MTL_ENABLE_DEBUG_INFO = NO;
				MTL_FAST_MATH = YES;
				SDKROOT = iphoneos;
				SWIFT_COMPILATION_MODE = wholemodule;
				SWIFT_OPTIMIZATION_LEVEL = "-O";
				VALIDATE_PRODUCT = YES;
			};
			name = Release;
		};
		8453A2252516090F00AA242A /* Debug */ = {
			isa = XCBuildConfiguration;
			buildSettings = {
				ASSETCATALOG_COMPILER_APPICON_NAME = AppIcon;
				CODE_SIGN_STYLE = Automatic;
				DEVELOPMENT_TEAM = 3LAX6L7LB4;
				INFOPLIST_FILE = PlanRadarTask/Info.plist;
				LD_RUNPATH_SEARCH_PATHS = (
					"$(inherited)",
					"@executable_path/Frameworks",
				);
				PRODUCT_BUNDLE_IDENTIFIER = com.PlanRadarTask;
				PRODUCT_NAME = "$(TARGET_NAME)";
				SWIFT_VERSION = 5.0;
				TARGETED_DEVICE_FAMILY = "1,2";
			};
			name = Debug;
		};
		8453A2262516090F00AA242A /* Release */ = {
			isa = XCBuildConfiguration;
			buildSettings = {
				ASSETCATALOG_COMPILER_APPICON_NAME = AppIcon;
				CODE_SIGN_STYLE = Automatic;
				DEVELOPMENT_TEAM = 3LAX6L7LB4;
				INFOPLIST_FILE = PlanRadarTask/Info.plist;
				LD_RUNPATH_SEARCH_PATHS = (
					"$(inherited)",
					"@executable_path/Frameworks",
				);
				PRODUCT_BUNDLE_IDENTIFIER = com.PlanRadarTask;
				PRODUCT_NAME = "$(TARGET_NAME)";
				SWIFT_VERSION = 5.0;
				TARGETED_DEVICE_FAMILY = "1,2";
			};
			name = Release;
		};
/* End XCBuildConfiguration section */

/* Begin XCConfigurationList section */
		8453A2082516090D00AA242A /* Build configuration list for PBXProject "PlanRadarTask" */ = {
			isa = XCConfigurationList;
			buildConfigurations = (
				8453A2222516090F00AA242A /* Debug */,
				8453A2232516090F00AA242A /* Release */,
			);
			defaultConfigurationIsVisible = 0;
			defaultConfigurationName = Release;
		};
		8453A2242516090F00AA242A /* Build configuration list for PBXNativeTarget "PlanRadarTask" */ = {
			isa = XCConfigurationList;
			buildConfigurations = (
				8453A2252516090F00AA242A /* Debug */,
				8453A2262516090F00AA242A /* Release */,
			);
			defaultConfigurationIsVisible = 0;
			defaultConfigurationName = Release;
		};
/* End XCConfigurationList section */

/* Begin XCVersionGroup section */
		8453A2192516090D00AA242A /* PlanRadarTask.xcdatamodeld */ = {
			isa = XCVersionGroup;
			children = (
				8453A21A2516090D00AA242A /* PlanRadarTask.xcdatamodel */,
			);
			currentVersion = 8453A21A2516090D00AA242A /* PlanRadarTask.xcdatamodel */;
			path = PlanRadarTask.xcdatamodeld;
			sourceTree = "<group>";
			versionGroupType = wrapper.xcdatamodel;
		};
/* End XCVersionGroup section */
	};
	rootObject = 8453A2052516090D00AA242A /* Project object */;
}
